<?xml version="1.0" encoding="utf-8"?>
<Project ToolsVersion="4.0" xmlns="http://schemas.microsoft.com/developer/msbuild/2003">
  <ItemGroup>
    <ClCompile Include="Render\Camera.cpp">
      <Filter>Render</Filter>
    </ClCompile>
    <ClCompile Include="Render\Render.cpp">
      <Filter>Render</Filter>
    </ClCompile>
    <ClCompile Include="RenderUtils.cpp" />
    <ClCompile Include="main.cpp" />
    <ClCompile Include="callbacks.cpp" />
    <ClCompile Include="Particle.cpp" />
    <ClCompile Include="ParticleSystem.cpp" />
    <ClCompile Include="ParticleGenerator.cpp" />
    <ClCompile Include="UniformGenerator.cpp" />
    <ClCompile Include="NormalGenerator.cpp" />
    <ClCompile Include="ForceGenerator.cpp" />
    <ClCompile Include="GravityForce.cpp" />
    <ClCompile Include="WindForce.cpp" />
    <ClCompile Include="Tornado.cpp" />
    <ClCompile Include="Explosion.cpp" />
    <ClCompile Include="SpringForceGenerator.cpp" />
    <ClCompile Include="AnchoredSpringFG.cpp" />
    <ClCompile Include="BuoyantForce.cpp" />
    <ClCompile Include="RigidBody.cpp" />
    <ClCompile Include="Game.cpp" />
    <ClCompile Include="Scene.cpp" />
    <ClCompile Include="Level1.cpp" />
    <ClCompile Include="Kitchen.cpp" />
  </ItemGroup>
  <ItemGroup>
    <ClInclude Include="core.hpp" />
    <ClInclude Include="Render\Camera.h">
      <Filter>Render</Filter>
    </ClInclude>
    <ClInclude Include="Render\Render.h">
      <Filter>Render</Filter>
    </ClInclude>
    <ClInclude Include="RenderUtils.hpp" />
    <ClInclude Include="callbacks.hpp" />
    <ClInclude Include="Vector3D.h" />
    <ClInclude Include="Particle.h" />
    <ClInclude Include="ParticleSystem.h" />
    <ClInclude Include="ParticleGenerator.h" />
    <ClInclude Include="UniformGenerator.h" />
    <ClInclude Include="NormalGenerator.h" />
    <ClInclude Include="ForceGenerator.h" />
    <ClInclude Include="GravityForce.h" />
    <ClInclude Include="WindForce.h" />
    <ClInclude Include="Tornado.h" />
    <ClInclude Include="Explosion.h" />
    <ClInclude Include="SpringForceGenerator.h" />
    <ClInclude Include="AnchoredSpringFG.h" />
    <ClInclude Include="BuoyantForce.h" />
    <ClInclude Include="RigidBody.h" />
    <ClInclude Include="Game.h" />
    <ClInclude Include="Scene.h" />
    <ClInclude Include="Level1.h" />
    <ClInclude Include="Kitchen.h" />
  </ItemGroup>
  <ItemGroup>
    <Filter Include="Render">
      <UniqueIdentifier>{d04b4f9f-5a69-465e-8070-25c6d0bcd3c2}</UniqueIdentifier>
    </Filter>
  </ItemGroup>
</Project>